
Microsoft Visual Studio Solution File, Format Version 12.00
# Visual Studio Version 17
VisualStudioVersion = 17.4.33205.214
MinimumVisualStudioVersion = 10.0.40219.1
Project("{FAE04EC0-301F-11D3-BF4B-00C04F79EFBC}") = "1_ZmotionDev", "1_ZmotionDev\1_ZmotionDev.csproj", "{6D964E6E-912A-4211-ABC0-FB460368C0C4}"
EndProject
Project("{FAE04EC0-301F-11D3-BF4B-00C04F79EFBC}") = "2_JogMove", "2_JogMove\2_JogMove.csproj", "{6519C709-B5CD-4C59-8C5B-6B4B848B3385}"
EndProject
Project("{9A19103F-16F7-4668-BE54-9A1E7A4F7556}") = "3_PointMove", "3_PointMove\3_PointMove.csproj", "{F0590F51-B8A3-499B-A3A9-C2432F04A7A7}"
EndProject
Global
	GlobalSection(SolutionConfigurationPlatforms) = preSolution
		Debug|Any CPU = Debug|Any CPU
		Release|Any CPU = Release|Any CPU
	EndGlobalSection
	GlobalSection(ProjectConfigurationPlatforms) = postSolution
		{6D964E6E-912A-4211-ABC0-FB460368C0C4}.Debug|Any CPU.ActiveCfg = Debug|Any CPU
		{6D964E6E-912A-4211-ABC0-FB460368C0C4}.Debug|Any CPU.Build.0 = Debug|Any CPU
		{6D964E6E-912A-4211-ABC0-FB460368C0C4}.Release|Any CPU.ActiveCfg = Release|Any CPU
		{6D964E6E-912A-4211-ABC0-FB460368C0C4}.Release|Any CPU.Build.0 = Release|Any CPU
		{6519C709-B5CD-4C59-8C5B-6B4B848B3385}.Debug|Any CPU.ActiveCfg = Debug|Any CPU
		{6519C709-B5CD-4C59-8C5B-6B4B848B3385}.Debug|Any CPU.Build.0 = Debug|Any CPU
		{6519C709-B5CD-4C59-8C5B-6B4B848B3385}.Release|Any CPU.ActiveCfg = Release|Any CPU
		{6519C709-B5CD-4C59-8C5B-6B4B848B3385}.Release|Any CPU.Build.0 = Release|Any CPU
		{F0590F51-B8A3-499B-A3A9-C2432F04A7A7}.Debug|Any CPU.ActiveCfg = Debug|Any CPU
		{F0590F51-B8A3-499B-A3A9-C2432F04A7A7}.Debug|Any CPU.Build.0 = Debug|Any CPU
		{F0590F51-B8A3-499B-A3A9-C2432F04A7A7}.Release|Any CPU.ActiveCfg = Release|Any CPU
		{F0590F51-B8A3-499B-A3A9-C2432F04A7A7}.Release|Any CPU.Build.0 = Release|Any CPU
	EndGlobalSection
	GlobalSection(SolutionProperties) = preSolution
		HideSolutionNode = FALSE
	EndGlobalSection
	GlobalSection(ExtensibilityGlobals) = postSolution
		SolutionGuid = {DA5FC199-B64D-4060-B26F-7F14619449BF}
	EndGlobalSection
EndGlobal
